
Microsoft Visual Studio Solution File, Format Version 12.00
# Visual Studio Version 17
VisualStudioVersion = 17.1.32319.34
MinimumVisualStudioVersion = 10.0.40219.1
Project("{9A19103F-16F7-4668-BE54-9A1E7A4F7556}") = "Entidades", "Entidades\Entidades.csproj", "{441AC575-6D22-4B01-8A14-AC93EA959F95}"
EndProject
Project("{9A19103F-16F7-4668-BE54-9A1E7A4F7556}") = "Biblioteca", "Biblioteca\Biblioteca.csproj", "{7440F025-401B-4DDE-B054-D433394B7BEE}"
EndProject
Project("{FAE04EC0-301F-11D3-BF4B-00C04F79EFBC}") = "MiCalculadora", "MiCalculadora\MiCalculadora.csproj", "{08F23382-3D67-4851-BB03-0B30E2C58FF1}"
EndProject
Global
	GlobalSection(SolutionConfigurationPlatforms) = preSolution
		Debug|Any CPU = Debug|Any CPU
		Release|Any CPU = Release|Any CPU
	EndGlobalSection
	GlobalSection(ProjectConfigurationPlatforms) = postSolution
		{441AC575-6D22-4B01-8A14-AC93EA959F95}.Debug|Any CPU.ActiveCfg = Debug|Any CPU
		{441AC575-6D22-4B01-8A14-AC93EA959F95}.Debug|Any CPU.Build.0 = Debug|Any CPU
		{441AC575-6D22-4B01-8A14-AC93EA959F95}.Release|Any CPU.ActiveCfg = Release|Any CPU
		{441AC575-6D22-4B01-8A14-AC93EA959F95}.Release|Any CPU.Build.0 = Release|Any CPU
		{7440F025-401B-4DDE-B054-D433394B7BEE}.Debug|Any CPU.ActiveCfg = Debug|Any CPU
		{7440F025-401B-4DDE-B054-D433394B7BEE}.Debug|Any CPU.Build.0 = Debug|Any CPU
		{7440F025-401B-4DDE-B054-D433394B7BEE}.Release|Any CPU.ActiveCfg = Release|Any CPU
		{7440F025-401B-4DDE-B054-D433394B7BEE}.Release|Any CPU.Build.0 = Release|Any CPU
		{08F23382-3D67-4851-BB03-0B30E2C58FF1}.Debug|Any CPU.ActiveCfg = Debug|Any CPU
		{08F23382-3D67-4851-BB03-0B30E2C58FF1}.Debug|Any CPU.Build.0 = Debug|Any CPU
		{08F23382-3D67-4851-BB03-0B30E2C58FF1}.Release|Any CPU.ActiveCfg = Release|Any CPU
		{08F23382-3D67-4851-BB03-0B30E2C58FF1}.Release|Any CPU.Build.0 = Release|Any CPU
	EndGlobalSection
	GlobalSection(SolutionProperties) = preSolution
		HideSolutionNode = FALSE
	EndGlobalSection
	GlobalSection(ExtensibilityGlobals) = postSolution
		SolutionGuid = {E917D7C9-B5DE-4BC2-969F-806DE1E74102}
	EndGlobalSection
EndGlobal
